
Microsoft Visual Studio Solution File, Format Version 12.00
# Visual Studio Version 16
VisualStudioVersion = 16.0.30523.141
MinimumVisualStudioVersion = 15.0.26124.0
Project("{2150E333-8FDC-42A3-9474-1A3956D46DE8}") = "inxton.vortex.packaging", "inxton.vortex.packaging", "{E5CF3E45-CF20-4D62-BABC-AC36A7867429}"
EndProject
Project("{2150E333-8FDC-42A3-9474-1A3956D46DE8}") = "advanced", "advanced", "{CD911DEB-033E-444C-9867-B7DBC01472D9}"
EndProject
Project("{2150E333-8FDC-42A3-9474-1A3956D46DE8}") = "core", "core", "{A30A3511-B969-4126-AF30-719D477E6C9C}"
EndProject
Project("{2150E333-8FDC-42A3-9474-1A3956D46DE8}") = "essentials", "essentials", "{EE05A689-100D-4657-982A-8EC114DD4B0D}"
EndProject
Project("{2150E333-8FDC-42A3-9474-1A3956D46DE8}") = "ultimate", "ultimate", "{32308ADE-E0EE-4C97-9197-B9356C31CCA8}"
EndProject
Project("{2150E333-8FDC-42A3-9474-1A3956D46DE8}") = "vortex.builder", "vortex.builder", "{0BBAC529-E0C4-4322-B606-2996A1214B8D}"
EndProject
Project("{2150E333-8FDC-42A3-9474-1A3956D46DE8}") = "vortex.connectors", "vortex.connectors", "{2F7E043F-8F0F-4A04-8665-EF5A450D5158}"
EndProject
Project("{2150E333-8FDC-42A3-9474-1A3956D46DE8}") = "vortex.framework.abstractions", "vortex.framework.abstractions", "{A41D4A6D-5529-4A9F-9E6C-EEB252A69511}"
EndProject
Project("{2150E333-8FDC-42A3-9474-1A3956D46DE8}") = "vortex.framework.base", "vortex.framework.base", "{E1BB26E4-7F1D-4122-BDD7-2AAA38E71C42}"
EndProject
Project("{2150E333-8FDC-42A3-9474-1A3956D46DE8}") = "vortex.framework.coordination", "vortex.framework.coordination", "{D800B238-EDF3-4C2F-A234-59665AC5F952}"
EndProject
Project("{2150E333-8FDC-42A3-9474-1A3956D46DE8}") = "vortex.framework.data", "vortex.framework.data", "{8FD3AC61-F6CA-4AF7-B42B-665C45A56C64}"
EndProject
Project("{2150E333-8FDC-42A3-9474-1A3956D46DE8}") = "vortex.framework.presentation", "vortex.framework.presentation", "{4690AD24-677A-4A7B-B50D-EAC9ACA3ED83}"
EndProject
Project("{2150E333-8FDC-42A3-9474-1A3956D46DE8}") = "vortex.framework.security", "vortex.framework.security", "{A88D5A93-DD1C-4015-990C-DE33A40ED921}"
EndProject
Project("{9A19103F-16F7-4668-BE54-9A1E7A4F7556}") = "vortex.builder.doc", "vortex.builder\vortex.builder.doc\vortex.builder.doc.csproj", "{EF103488-D144-41B0-8721-03DF08116B5C}"
EndProject
Project("{9A19103F-16F7-4668-BE54-9A1E7A4F7556}") = "VortexBase.Documentation", "vortex.framework.base\docs\VortexBase.Documentation\VortexBase.Documentation.csproj", "{51568DE7-39CA-4B61-80AA-31F0DAF3F7C9}"
EndProject
Project("{FAE04EC0-301F-11D3-BF4B-00C04F79EFBC}") = "vortex.connectors.doc", "vortex.connectors\vortex.connectors.doc\vortex.connectors.doc.csproj", "{474628C7-3C2B-4FB8-A602-18038EFAAF31}"
EndProject
Global
	GlobalSection(SolutionConfigurationPlatforms) = preSolution
		Debug|Any CPU = Debug|Any CPU
		Release|Any CPU = Release|Any CPU
	EndGlobalSection
	GlobalSection(ProjectConfigurationPlatforms) = postSolution
		{EF103488-D144-41B0-8721-03DF08116B5C}.Debug|Any CPU.ActiveCfg = Debug|Any CPU
		{EF103488-D144-41B0-8721-03DF08116B5C}.Debug|Any CPU.Build.0 = Debug|Any CPU
		{EF103488-D144-41B0-8721-03DF08116B5C}.Release|Any CPU.ActiveCfg = Release|Any CPU
		{EF103488-D144-41B0-8721-03DF08116B5C}.Release|Any CPU.Build.0 = Release|Any CPU
		{51568DE7-39CA-4B61-80AA-31F0DAF3F7C9}.Debug|Any CPU.ActiveCfg = Debug|Any CPU
		{51568DE7-39CA-4B61-80AA-31F0DAF3F7C9}.Debug|Any CPU.Build.0 = Debug|Any CPU
		{51568DE7-39CA-4B61-80AA-31F0DAF3F7C9}.Release|Any CPU.ActiveCfg = Release|Any CPU
		{51568DE7-39CA-4B61-80AA-31F0DAF3F7C9}.Release|Any CPU.Build.0 = Release|Any CPU
		{474628C7-3C2B-4FB8-A602-18038EFAAF31}.Debug|Any CPU.ActiveCfg = Debug|Any CPU
		{474628C7-3C2B-4FB8-A602-18038EFAAF31}.Debug|Any CPU.Build.0 = Debug|Any CPU
		{474628C7-3C2B-4FB8-A602-18038EFAAF31}.Release|Any CPU.ActiveCfg = Release|Any CPU
		{474628C7-3C2B-4FB8-A602-18038EFAAF31}.Release|Any CPU.Build.0 = Release|Any CPU
	EndGlobalSection
	GlobalSection(SolutionProperties) = preSolution
		HideSolutionNode = FALSE
	EndGlobalSection
	GlobalSection(NestedProjects) = preSolution
		{CD911DEB-033E-444C-9867-B7DBC01472D9} = {E5CF3E45-CF20-4D62-BABC-AC36A7867429}
		{A30A3511-B969-4126-AF30-719D477E6C9C} = {E5CF3E45-CF20-4D62-BABC-AC36A7867429}
		{EE05A689-100D-4657-982A-8EC114DD4B0D} = {E5CF3E45-CF20-4D62-BABC-AC36A7867429}
		{32308ADE-E0EE-4C97-9197-B9356C31CCA8} = {E5CF3E45-CF20-4D62-BABC-AC36A7867429}
		{EF103488-D144-41B0-8721-03DF08116B5C} = {0BBAC529-E0C4-4322-B606-2996A1214B8D}
		{51568DE7-39CA-4B61-80AA-31F0DAF3F7C9} = {E1BB26E4-7F1D-4122-BDD7-2AAA38E71C42}
		{474628C7-3C2B-4FB8-A602-18038EFAAF31} = {2F7E043F-8F0F-4A04-8665-EF5A450D5158}
	EndGlobalSection
	GlobalSection(ExtensibilityGlobals) = postSolution
		SolutionGuid = {95D62B24-7F1C-42FA-85E6-ED7EA5802135}
	EndGlobalSection
EndGlobal
